
Microsoft Visual Studio Solution File, Format Version 12.00
# Visual Studio Version 16
VisualStudioVersion = 16.0.29215.179
MinimumVisualStudioVersion = 10.0.40219.1
Project("{FAE04EC0-301F-11D3-BF4B-00C04F79EFBC}") = "Fract", "Fract\Fract.csproj", "{B8EEFABE-2383-4774-821D-83FC0B0AD4FA}"
EndProject
Global
	GlobalSection(SolutionConfigurationPlatforms) = preSolution
		Debug|Any CPU = Debug|Any CPU
		Release|Any CPU = Release|Any CPU
	EndGlobalSection
	GlobalSection(ProjectConfigurationPlatforms) = postSolution
		{B8EEFABE-2383-4774-821D-83FC0B0AD4FA}.Debug|Any CPU.ActiveCfg = Debug|Any CPU
		{B8EEFABE-2383-4774-821D-83FC0B0AD4FA}.Debug|Any CPU.Build.0 = Debug|Any CPU
		{B8EEFABE-2383-4774-821D-83FC0B0AD4FA}.Release|Any CPU.ActiveCfg = Release|Any CPU
		{B8EEFABE-2383-4774-821D-83FC0B0AD4FA}.Release|Any CPU.Build.0 = Release|Any CPU
	EndGlobalSection
	GlobalSection(SolutionProperties) = preSolution
		HideSolutionNode = FALSE
	EndGlobalSection
	GlobalSection(ExtensibilityGlobals) = postSolution
		SolutionGuid = {03ACF783-C38B-4301-81B6-AC0831E6188B}
	EndGlobalSection
EndGlobal
